
Microsoft Visual Studio Solution File, Format Version 10.00
# Visual Studio 2008
Project("{FAE04EC0-301F-11D3-BF4B-00C04F79EFBC}") = "Bluetooth Discovery Demo", "Bluetooth Discovery Demo\Bluetooth Discovery Demo.csproj", "{3F778651-8A4C-43A7-8FEB-12CC494785FB}"
EndProject
Global
	GlobalSection(SolutionConfigurationPlatforms) = preSolution
		Debug|Any CPU = Debug|Any CPU
		Release|Any CPU = Release|Any CPU
	EndGlobalSection
	GlobalSection(ProjectConfigurationPlatforms) = postSolution
		{3F778651-8A4C-43A7-8FEB-12CC494785FB}.Debug|Any CPU.ActiveCfg = Debug|Any CPU
		{3F778651-8A4C-43A7-8FEB-12CC494785FB}.Debug|Any CPU.Build.0 = Debug|Any CPU
		{3F778651-8A4C-43A7-8FEB-12CC494785FB}.Debug|Any CPU.Deploy.0 = Debug|Any CPU
		{3F778651-8A4C-43A7-8FEB-12CC494785FB}.Release|Any CPU.ActiveCfg = Release|Any CPU
		{3F778651-8A4C-43A7-8FEB-12CC494785FB}.Release|Any CPU.Build.0 = Release|Any CPU
		{3F778651-8A4C-43A7-8FEB-12CC494785FB}.Release|Any CPU.Deploy.0 = Release|Any CPU
	EndGlobalSection
	GlobalSection(SolutionProperties) = preSolution
		HideSolutionNode = FALSE
	EndGlobalSection
EndGlobal
