
Microsoft Visual Studio Solution File, Format Version 10.00
# Visual Studio 2008
Project("{FAE04EC0-301F-11D3-BF4B-00C04F79EFBC}") = "Connect and Retrieve Formats", "Connectivity Demo\Connect and Retrieve Formats.csproj", "{CC214734-3B63-4046-93F4-D9D85A49BAF9}"
EndProject
Global
	GlobalSection(SolutionConfigurationPlatforms) = preSolution
		Debug|Any CPU = Debug|Any CPU
		Release|Any CPU = Release|Any CPU
	EndGlobalSection
	GlobalSection(ProjectConfigurationPlatforms) = postSolution
		{CC214734-3B63-4046-93F4-D9D85A49BAF9}.Debug|Any CPU.ActiveCfg = Debug|Any CPU
		{CC214734-3B63-4046-93F4-D9D85A49BAF9}.Debug|Any CPU.Build.0 = Debug|Any CPU
		{CC214734-3B63-4046-93F4-D9D85A49BAF9}.Debug|Any CPU.Deploy.0 = Debug|Any CPU
		{CC214734-3B63-4046-93F4-D9D85A49BAF9}.Release|Any CPU.ActiveCfg = Release|Any CPU
		{CC214734-3B63-4046-93F4-D9D85A49BAF9}.Release|Any CPU.Build.0 = Release|Any CPU
		{CC214734-3B63-4046-93F4-D9D85A49BAF9}.Release|Any CPU.Deploy.0 = Release|Any CPU
	EndGlobalSection
	GlobalSection(SolutionProperties) = preSolution
		HideSolutionNode = FALSE
	EndGlobalSection
EndGlobal
