Microsoft Visual Studio Solution File, Format Version 10.00
# Visual Studio 2008
Project("{088981F3-FC1D-4A03-8B87-AD575F375C01}") = "Developer Demo", ".\DeveloperDemosCSharp\Developer Demo.csproj", "{088981F3-FC1D-4A03-8B87-AD575F375C01}"
EndProject
Global
	GlobalSection(SolutionConfigurationPlatforms) = preSolution
		Debug|Any CPU = Debug|Any CPU
		Release|Any CPU = Release|Any CPU
	EndGlobalSection
	GlobalSection(ProjectConfigurationPlatforms) = postSolution
		{088981F3-FC1D-4A03-8B87-AD575F375C01}.Debug|Any CPU.ActiveCfg = Debug|Any CPU
		{088981F3-FC1D-4A03-8B87-AD575F375C01}.Debug|Any CPU.Build.0 = Debug|Any CPU
		{088981F3-FC1D-4A03-8B87-AD575F375C01}.Debug|Any CPU.Deploy.0 = Debug|Any CPU
		{088981F3-FC1D-4A03-8B87-AD575F375C01}.Release|Any CPU.ActiveCfg = Release|Any CPU
		{088981F3-FC1D-4A03-8B87-AD575F375C01}.Release|Any CPU.Build.0 = Release|Any CPU
		{088981F3-FC1D-4A03-8B87-AD575F375C01}.Release|Any CPU.Deploy.0 = Release|Any CPU
	EndGlobalSection
	GlobalSection(SolutionProperties) = preSolution
		HideSolutionNode = FALSE
	EndGlobalSection
EndGlobal
